{
  "name": "schatten",
  "lockfileVersion": 3,
  "requires": true,
  "packages": {
    "": {
      "dependencies": {
        "colorjs.io": "^0.6.1",
        "fitty": "^2.4.2",
        "hdr-canvas": "^0.2.0",
        "i18next": "^26.3.4",
        "i18next-browser-languagedetector": "^8.2.1",
        "motion": "^12.42.2",
        "three": "^0.185.1"
      },
      "devDependencies": {
        "@eslint/js": "^10.0.1",
        "@types/color": "^4.2.1",
        "@types/i18next": "^13.0.0",
        "@types/js-cookie": "^3.0.6",
        "@types/three": "^0.185.0",
        "node-addon-api": "^8.9.0",
        "node-gyp": "^13.0.1"
      }
    },
    "node_modules/@babel/runtime": {
      "version": "7.29.7",
      "resolved": "https://registry.npmjs.org/@babel/runtime/-/runtime-7.29.7.tgz",
      "integrity": "sha512-Nq8OhGWiZIZGV6hLHoyAKLLcJihP/xFeBMGJoUrxTX2psI8dCifzLhZISFb+VWS3wFMRDmCGw5R+dOySCqPLhw==",
      "license": "MIT",
      "engines": {
        "node": ">=6.9.0"
      }
    },
    "node_modules/@dimforge/rapier3d-compat": {
      "version": "0.12.0",
      "resolved": "https://registry.npmjs.org/@dimforge/rapier3d-compat/-/rapier3d-compat-0.12.0.tgz",
      "integrity": "sha512-uekIGetywIgopfD97oDL5PfeezkFpNhwlzlaEYNOA0N6ghdsOvh/HYjSMek5Q2O1PYvRSDFcqFVJl4r4ZBwOow==",
      "dev": true,
      "license": "Apache-2.0"
    },
    "node_modules/@eslint/js": {
      "version": "10.0.1",
      "resolved": "https://registry.npmjs.org/@eslint/js/-/js-10.0.1.tgz",
      "integrity": "sha512-zeR9k5pd4gxjZ0abRoIaxdc7I3nDktoXZk2qOv9gCNWx3mVwEn32VRhyLaRsDiJjTs0xq/T8mfPtyuXu7GWBcA==",
      "dev": true,
      "license": "MIT",
      "engines": {
        "node": "^20.19.0 || ^22.13.0 || >=24"
      },
      "funding": {
        "url": "https://eslint.org/donate"
      },
      "peerDependencies": {
        "eslint": "^10.0.0"
      },
      "peerDependenciesMeta": {
        "eslint": {
          "optional": true
        }
      }
    },
    "node_modules/@isaacs/fs-minipass": {
      "version": "4.0.1",
      "resolved": "https://registry.npmjs.org/@isaacs/fs-minipass/-/fs-minipass-4.0.1.tgz",
      "integrity": "sha512-wgm9Ehl2jpeqP3zw/7mo3kRHFp5MEDhqAdwy1fTGkHAwnkGOVsgpvQhL8B5n1qlb01jV3n/bI0ZfZp5lWA1k4w==",
      "dev": true,
      "license": "ISC",
      "dependencies": {
        "minipass": "^7.0.4"
      },
      "engines": {
        "node": ">=18.0.0"
      }
    },
    "node_modules/@petamoriken/float16": {
      "version": "3.9.3",
      "resolved": "https://registry.npmjs.org/@petamoriken/float16/-/float16-3.9.3.tgz",
      "integrity": "sha512-8awtpHXCx/bNpFt4mt2xdkgtgVvKqty8VbjHI/WWWQuEw+KLzFot3f4+LkQY9YmOtq7A5GdOnqoIC8Pdygjk2g==",
      "license": "MIT"
    },
    "node_modules/@tweenjs/tween.js": {
      "version": "23.1.3",
      "resolved": "https://registry.npmjs.org/@tweenjs/tween.js/-/tween.js-23.1.3.tgz",
      "integrity": "sha512-vJmvvwFxYuGnF2axRtPYocag6Clbb5YS7kLL+SO/TeVFzHqDIWrNKYtcsPMibjDx9O+bu+psAy9NKfWklassUA==",
      "dev": true,
      "license": "MIT"
    },
    "node_modules/@types/color": {
      "version": "4.2.1",
      "resolved": "https://registry.npmjs.org/@types/color/-/color-4.2.1.tgz",
      "integrity": "sha512-ResWeDLy1vozIMbD6JLRKuNBbIcIlBkjTIxVHHd5Cqtm77T+ahH3BWE/PWv1OhFd1HAwcn8no4ig2uTaRXpYQQ==",
      "dev": true,
      "license": "MIT",
      "dependencies": {
        "@types/color-convert": "2"
      }
    },
    "node_modules/@types/color-convert": {
      "version": "2.0.4",
      "resolved": "https://registry.npmjs.org/@types/color-convert/-/color-convert-2.0.4.tgz",
      "integrity": "sha512-Ub1MmDdyZ7mX//g25uBAoH/mWGd9swVbt8BseymnaE18SU4po/PjmCrHxqIIRjBo3hV/vh1KGr0eMxUhp+t+dQ==",
      "dev": true,
      "license": "MIT",
      "dependencies": {
        "@types/color-name": "^1.1.0"
      }
    },
    "node_modules/@types/color-name": {
      "version": "1.1.5",
      "resolved": "https://registry.npmjs.org/@types/color-name/-/color-name-1.1.5.tgz",
      "integrity": "sha512-j2K5UJqGTxeesj6oQuGpMgifpT5k9HprgQd8D1Y0lOFqKHl3PJu5GMeS4Y5EgjS55AE6OQxf8mPED9uaGbf4Cg==",
      "dev": true,
      "license": "MIT"
    },
    "node_modules/@types/i18next": {
      "version": "13.0.0",
      "resolved": "https://registry.npmjs.org/@types/i18next/-/i18next-13.0.0.tgz",
      "integrity": "sha512-gp/SIShAuf4WOqi8ey0nuI7qfWaVpMNCcs/xLygrh/QTQIXmlDC1E0TtVejweNW+7SGDY7g0lyxyKZIJuCKIJw==",
      "deprecated": "This is a stub types definition. i18next provides its own type definitions, so you do not need this installed.",
      "dev": true,
      "license": "MIT",
      "dependencies": {
        "i18next": "*"
      }
    },
    "node_modules/@types/js-cookie": {
      "version": "3.0.6",
      "resolved": "https://registry.npmjs.org/@types/js-cookie/-/js-cookie-3.0.6.tgz",
      "integrity": "sha512-wkw9yd1kEXOPnvEeEV1Go1MmxtBJL0RR79aOTAApecWFVu7w0NNXNqhcWgvw2YgZDYadliXkl14pa3WXw5jlCQ==",
      "dev": true,
      "license": "MIT"
    },
    "node_modules/@types/stats.js": {
      "version": "0.17.4",
      "resolved": "https://registry.npmjs.org/@types/stats.js/-/stats.js-0.17.4.tgz",
      "integrity": "sha512-jIBvWWShCvlBqBNIZt0KAshWpvSjhkwkEu4ZUcASoAvhmrgAUI2t1dXrjSL4xXVLB4FznPrIsX3nKXFl/Dt4vA==",
      "dev": true,
      "license": "MIT"
    },
    "node_modules/@types/three": {
      "version": "0.185.0",
      "resolved": "https://registry.npmjs.org/@types/three/-/three-0.185.0.tgz",
      "integrity": "sha512-O2Uy8Cj4Nonr8dWUUbifMdPe8B0Mq7EdOHb89S4+kjUw/KhbjTZrUuYlrQ1bpUKG+EP9QJnN7qNxbHGlGoLHMA==",
      "dev": true,
      "license": "MIT",
      "dependencies": {
        "@dimforge/rapier3d-compat": "~0.12.0",
        "@tweenjs/tween.js": "~23.1.3",
        "@types/stats.js": "*",
        "@types/webxr": ">=0.5.17",
        "fflate": "~0.8.2",
        "meshoptimizer": "~1.1.1"
      }
    },
    "node_modules/@types/three/node_modules/meshoptimizer": {
      "version": "1.1.1",
      "resolved": "https://registry.npmjs.org/meshoptimizer/-/meshoptimizer-1.1.1.tgz",
      "integrity": "sha512-oRFNWJRDA/WTrVj7NWvqa5HqE1t9MYDj2VaWirQCzCCrAd2GHrqR/sQezCxiWATPNlKTcRaPRHPJwIRoPBAp5g==",
      "dev": true,
      "license": "MIT"
    },
    "node_modules/@types/webxr": {
      "version": "0.5.24",
      "resolved": "https://registry.npmjs.org/@types/webxr/-/webxr-0.5.24.tgz",
      "integrity": "sha512-h8fgEd/DpoS9CBrjEQXR+dIDraopAEfu4wYVNY2tEPwk60stPWhvZMf4Foo5FakuQ7HFZoa8WceaWFervK2Ovg==",
      "dev": true,
      "license": "MIT"
    },
    "node_modules/abbrev": {
      "version": "5.0.0",
      "resolved": "https://registry.npmjs.org/abbrev/-/abbrev-5.0.0.tgz",
      "integrity": "sha512-/XrFJgzQQQHpti1raDJC6m4ws6aNktmjBlhk8Fdlk7LwCEuDoieEJJY9OFHjfiFJFFRM2tK+Ky/IsfbbmlMu1w==",
      "dev": true,
      "license": "ISC",
      "engines": {
        "node": "^22.22.2 || ^24.15.0 || >=26.0.0"
      }
    },
    "node_modules/chownr": {
      "version": "3.0.0",
      "resolved": "https://registry.npmjs.org/chownr/-/chownr-3.0.0.tgz",
      "integrity": "sha512-+IxzY9BZOQd/XuYPRmrvEVjF/nqj5kgT4kEq7VofrDoM1MxoRjEWkrCC3EtLi59TVawxTAn+orJwFQcrqEN1+g==",
      "dev": true,
      "license": "BlueOak-1.0.0",
      "engines": {
        "node": ">=18"
      }
    },
    "node_modules/colorjs.io": {
      "version": "0.6.1",
      "resolved": "https://registry.npmjs.org/colorjs.io/-/colorjs.io-0.6.1.tgz",
      "integrity": "sha512-8lyR2wHzuIykCpqHKgluGsqQi5iDm3/a2IgP2GBZrasn2sBRkE4NOGsglZxWLs/jZQoNkmA/KM/8NV16rLUdBg==",
      "license": "MIT",
      "funding": {
        "type": "opencollective",
        "url": "https://opencollective.com/color"
      }
    },
    "node_modules/env-paths": {
      "version": "2.2.1",
      "resolved": "https://registry.npmjs.org/env-paths/-/env-paths-2.2.1.tgz",
      "integrity": "sha512-+h1lkLKhZMTYjog1VEpJNG7NZJWcuc2DDk/qsqSTRRCOXiLjeQ1d1/udrUGhqMxUgAlwKNZ0cf2uqan5GLuS2A==",
      "dev": true,
      "license": "MIT",
      "engines": {
        "node": ">=6"
      }
    },
    "node_modules/exponential-backoff": {
      "version": "3.1.3",
      "resolved": "https://registry.npmjs.org/exponential-backoff/-/exponential-backoff-3.1.3.tgz",
      "integrity": "sha512-ZgEeZXj30q+I0EN+CbSSpIyPaJ5HVQD18Z1m+u1FXbAeT94mr1zw50q4q6jiiC447Nl/YTcIYSAftiGqetwXCA==",
      "dev": true,
      "license": "Apache-2.0"
    },
    "node_modules/fflate": {
      "version": "0.8.3",
      "resolved": "https://registry.npmjs.org/fflate/-/fflate-0.8.3.tgz",
      "integrity": "sha512-tbZNuJrLwGUp3zshBtdy4W+ORxZuIh8a5ilyIEQDC5rY1f3U20JMry0Ll3WBzU58EZKsEuJFXhb5gwv8CsPvgA==",
      "dev": true,
      "license": "MIT"
    },
    "node_modules/fitty": {
      "version": "2.4.2",
      "resolved": "https://registry.npmjs.org/fitty/-/fitty-2.4.2.tgz",
      "integrity": "sha512-GNhWgImK4+wEkgEZjBkQMyu5NLSmmryg/CaRP7zYby+TWzCrUou6BHL+iqbjKzJRXMyzuJkH+LBB1+lh4oO77g==",
      "license": "MIT"
    },
    "node_modules/framer-motion": {
      "version": "12.42.2",
      "resolved": "https://registry.npmjs.org/framer-motion/-/framer-motion-12.42.2.tgz",
      "integrity": "sha512-5XY9luDiu0oHfHBjpDthFMh0ES+122w6p/papSJBweMkO8Sn+PW2QaEgRblQBpWFnuvZS5qvarpt/hO2pjGmnw==",
      "license": "MIT",
      "dependencies": {
        "motion-dom": "^12.42.2",
        "motion-utils": "^12.39.0",
        "tslib": "^2.4.0"
      },
      "peerDependencies": {
        "@emotion/is-prop-valid": "*",
        "react": "^18.0.0 || ^19.0.0",
        "react-dom": "^18.0.0 || ^19.0.0"
      },
      "peerDependenciesMeta": {
        "@emotion/is-prop-valid": {
          "optional": true
        },
        "react": {
          "optional": true
        },
        "react-dom": {
          "optional": true
        }
      }
    },
    "node_modules/graceful-fs": {
      "version": "4.2.11",
      "resolved": "https://registry.npmjs.org/graceful-fs/-/graceful-fs-4.2.11.tgz",
      "integrity": "sha512-RbJ5/jmFcNNCcDV5o9eTnBLJ/HszWV0P73bc+Ff4nS/rJj+YaS6IGyiOL0VoBYX+l1Wrl3k63h/KrH+nhJ0XvQ==",
      "dev": true,
      "license": "ISC"
    },
    "node_modules/hdr-canvas": {
      "version": "0.2.0",
      "resolved": "https://registry.npmjs.org/hdr-canvas/-/hdr-canvas-0.2.0.tgz",
      "integrity": "sha512-Ae3ZGizapGGY3FsQoe60HrFo+K1sRMkZV8X22AW5jMAlQ8hIeKvC02B57TO2IYJq9w028blmZ2x+MuYd+YT9PA==",
      "license": "MIT",
      "dependencies": {
        "@petamoriken/float16": "^3.9.3"
      },
      "engines": {
        "bun": ">=1.1.23",
        "deno": ">=1.43",
        "node": ">=24"
      }
    },
    "node_modules/i18next": {
      "version": "26.3.4",
      "resolved": "https://registry.npmjs.org/i18next/-/i18next-26.3.4.tgz",
      "integrity": "sha512-pa7m0d7pBDqGHZxljT+WPFeyFgQ7P7SciPPo1tTqYuO0z4sqADYhwnBESmmGp/wEof1inwdls/k8ZgTg8rxFHA==",
      "funding": [
        {
          "type": "individual",
          "url": "https://www.locize.com/i18next"
        },
        {
          "type": "individual",
          "url": "https://www.i18next.com/how-to/faq#i18next-is-awesome.-how-can-i-support-the-project"
        },
        {
          "type": "individual",
          "url": "https://www.locize.com"
        }
      ],
      "license": "MIT",
      "peerDependencies": {
        "typescript": "^5 || ^6"
      },
      "peerDependenciesMeta": {
        "typescript": {
          "optional": true
        }
      }
    },
    "node_modules/i18next-browser-languagedetector": {
      "version": "8.2.1",
      "resolved": "https://registry.npmjs.org/i18next-browser-languagedetector/-/i18next-browser-languagedetector-8.2.1.tgz",
      "integrity": "sha512-bZg8+4bdmaOiApD7N7BPT9W8MLZG+nPTOFlLiJiT8uzKXFjhxw4v2ierCXOwB5sFDMtuA5G4kgYZ0AznZxQ/cw==",
      "license": "MIT",
      "dependencies": {
        "@babel/runtime": "^7.23.2"
      }
    },
    "node_modules/minipass": {
      "version": "7.1.3",
      "resolved": "https://registry.npmjs.org/minipass/-/minipass-7.1.3.tgz",
      "integrity": "sha512-tEBHqDnIoM/1rXME1zgka9g6Q2lcoCkxHLuc7ODJ5BxbP5d4c2Z5cGgtXAku59200Cx7diuHTOYfSBD8n6mm8A==",
      "dev": true,
      "license": "BlueOak-1.0.0",
      "engines": {
        "node": ">=16 || 14 >=14.17"
      }
    },
    "node_modules/minizlib": {
      "version": "3.1.0",
      "resolved": "https://registry.npmjs.org/minizlib/-/minizlib-3.1.0.tgz",
      "integrity": "sha512-KZxYo1BUkWD2TVFLr0MQoM8vUUigWD3LlD83a/75BqC+4qE0Hb1Vo5v1FgcfaNXvfXzr+5EhQ6ing/CaBijTlw==",
      "dev": true,
      "license": "MIT",
      "dependencies": {
        "minipass": "^7.1.2"
      },
      "engines": {
        "node": ">= 18"
      }
    },
    "node_modules/motion": {
      "version": "12.42.2",
      "resolved": "https://registry.npmjs.org/motion/-/motion-12.42.2.tgz",
      "integrity": "sha512-Atvv11yUKIid41cVrRBDVX5m8tF8kNpExRSlbpt6APClhDjtwQssgFHhQzejxw7/7YYbjHSPKBVbHo05BuJT5Q==",
      "license": "MIT",
      "dependencies": {
        "framer-motion": "^12.42.2",
        "tslib": "^2.4.0"
      },
      "peerDependencies": {
        "@emotion/is-prop-valid": "*",
        "react": "^18.0.0 || ^19.0.0",
        "react-dom": "^18.0.0 || ^19.0.0"
      },
      "peerDependenciesMeta": {
        "@emotion/is-prop-valid": {
          "optional": true
        },
        "react": {
          "optional": true
        },
        "react-dom": {
          "optional": true
        }
      }
    },
    "node_modules/motion-dom": {
      "version": "12.42.2",
      "resolved": "https://registry.npmjs.org/motion-dom/-/motion-dom-12.42.2.tgz",
      "integrity": "sha512-5gIMWLp/PycBtJRJWRgjxke5n8dlvkSn2DrYW+tr3XcqAZY1xZh6BJyooJXCM8wdfM7wfMjkBJNLge1CKPUIRA==",
      "license": "MIT",
      "dependencies": {
        "motion-utils": "^12.39.0"
      }
    },
    "node_modules/motion-utils": {
      "version": "12.39.0",
      "resolved": "https://registry.npmjs.org/motion-utils/-/motion-utils-12.39.0.tgz",
      "integrity": "sha512-8nadJAJjTtqRkmRF36FoJTrywK9nnFmnPwnSMyxaOCU7GDjN9RTMJIxx9De8ErM+vpPhMccr/6fo5WciyQLnMQ==",
      "license": "MIT"
    },
    "node_modules/node-addon-api": {
      "version": "8.9.0",
      "resolved": "https://registry.npmjs.org/node-addon-api/-/node-addon-api-8.9.0.tgz",
      "integrity": "sha512-ekZMeaaIzSQTSpr7X2X3iJM7lTzgnx8ahAG9pJfT/7+14mlEM8ZYQ9cgCDvSSRbReFK0oHli3WrZdCiRsgAT9Q==",
      "dev": true,
      "license": "MIT",
      "engines": {
        "node": "^18 || ^20 || >= 21"
      }
    },
    "node_modules/node-gyp": {
      "version": "13.0.1",
      "resolved": "https://registry.npmjs.org/node-gyp/-/node-gyp-13.0.1.tgz",
      "integrity": "sha512-piOr0S10qy5THB+q5BdqkoOx65XL/tjTMUAit3vciPNp+snTOBnGunWH1Rz7XZUxf2T9uFrfT/Ty4+aC3yPeyg==",
      "dev": true,
      "license": "MIT",
      "dependencies": {
        "env-paths": "^2.2.0",
        "exponential-backoff": "^3.1.1",
        "graceful-fs": "^4.2.6",
        "nopt": "^10.0.0",
        "proc-log": "^7.0.0",
        "semver": "^7.3.5",
        "tar": "^7.5.4",
        "tinyglobby": "^0.2.12",
        "undici": "^8.4.1",
        "which": "^7.0.0"
      },
      "bin": {
        "node-gyp": "bin/node-gyp.js"
      },
      "engines": {
        "node": "^22.22.2 || ^24.15.0 || >=26.0.0"
      }
    },
    "node_modules/node-gyp/node_modules/isexe": {
      "version": "4.0.0",
      "resolved": "https://registry.npmjs.org/isexe/-/isexe-4.0.0.tgz",
      "integrity": "sha512-FFUtZMpoZ8RqHS3XeXEmHWLA4thH+ZxCv2lOiPIn1Xc7CxrqhWzNSDzD+/chS/zbYezmiwWLdQC09JdQKmthOw==",
      "dev": true,
      "license": "BlueOak-1.0.0",
      "engines": {
        "node": ">=20"
      }
    },
    "node_modules/node-gyp/node_modules/semver": {
      "version": "7.8.1",
      "resolved": "https://registry.npmjs.org/semver/-/semver-7.8.1.tgz",
      "integrity": "sha512-rkVq3IXh+4FDGch+KwzX3aV9W3kO54GyEgpvBzSyctDA6Xtd7RJQV1xmXbeQp5v7+VzLOfVqiutSE6GICgPFvg==",
      "dev": true,
      "license": "ISC",
      "bin": {
        "semver": "bin/semver.js"
      },
      "engines": {
        "node": ">=10"
      }
    },
    "node_modules/node-gyp/node_modules/which": {
      "version": "7.0.0",
      "resolved": "https://registry.npmjs.org/which/-/which-7.0.0.tgz",
      "integrity": "sha512-RancgH2dmbLdHl6LRhEqvklWMgl/Hdnun0Y90KhBOLkMefg8Qa7/Zel8Sm+8HEcP6DEjzsWzpkuBQEZok58isA==",
      "dev": true,
      "license": "ISC",
      "dependencies": {
        "isexe": "^4.0.0"
      },
      "bin": {
        "node-which": "bin/which.js"
      },
      "engines": {
        "node": "^22.22.2 || ^24.15.0 || >=26.0.0"
      }
    },
    "node_modules/nopt": {
      "version": "10.0.1",
      "resolved": "https://registry.npmjs.org/nopt/-/nopt-10.0.1.tgz",
      "integrity": "sha512-df3sBr/6ax9hSGuC3CspvLlbnX8cP5L5nZwXF8cGN8l0zSWR6BvzmQ6jPUKjvo6+/xdpkNvEcucBNUdBeeV13g==",
      "dev": true,
      "license": "ISC",
      "dependencies": {
        "abbrev": "^5.0.0"
      },
      "bin": {
        "nopt": "bin/nopt.js"
      },
      "engines": {
        "node": "^22.22.2 || ^24.15.0 || >=26.0.0"
      }
    },
    "node_modules/proc-log": {
      "version": "7.0.0",
      "resolved": "https://registry.npmjs.org/proc-log/-/proc-log-7.0.0.tgz",
      "integrity": "sha512-FYgfaA69XZ93zaXLoMNQ+ViDXGGBgR8aLh03txzcFhV+9xOXx7+8DLCULrKKpR9+GsH9ZfHm82aSUPpozX0Ztg==",
      "dev": true,
      "license": "ISC",
      "engines": {
        "node": "^22.22.2 || ^24.15.0 || >=26.0.0"
      }
    },
    "node_modules/tar": {
      "version": "7.5.15",
      "resolved": "https://registry.npmjs.org/tar/-/tar-7.5.15.tgz",
      "integrity": "sha512-dzGK0boVlC4W5QFuQN1EFSl3bIDYsk7Tj40U6eIBnK2k/8ml7TZ5agbI5j5+qnoVcAA+rNtBml8SEiLxZpNqRQ==",
      "dev": true,
      "license": "BlueOak-1.0.0",
      "dependencies": {
        "@isaacs/fs-minipass": "^4.0.0",
        "chownr": "^3.0.0",
        "minipass": "^7.1.2",
        "minizlib": "^3.1.0",
        "yallist": "^5.0.0"
      },
      "engines": {
        "node": ">=18"
      }
    },
    "node_modules/tar/node_modules/yallist": {
      "version": "5.0.0",
      "resolved": "https://registry.npmjs.org/yallist/-/yallist-5.0.0.tgz",
      "integrity": "sha512-YgvUTfwqyc7UXVMrB+SImsVYSmTS8X/tSrtdNZMImM+n7+QTriRXyXim0mBrTXNeqzVF0KWGgHPeiyViFFrNDw==",
      "dev": true,
      "license": "BlueOak-1.0.0",
      "engines": {
        "node": ">=18"
      }
    },
    "node_modules/three": {
      "version": "0.185.1",
      "resolved": "https://registry.npmjs.org/three/-/three-0.185.1.tgz",
      "integrity": "sha512-5aojFCXKwnjBRZvUnt3WFfEcvUJgkN5LlijRFN95hMy8WVkG4I0QNcJE+OuWvuJ0bOdStrbfXn0pkd6/QyiAlg==",
      "license": "MIT"
    },
    "node_modules/tinyglobby": {
      "version": "0.2.16",
      "resolved": "https://registry.npmjs.org/tinyglobby/-/tinyglobby-0.2.16.tgz",
      "integrity": "sha512-pn99VhoACYR8nFHhxqix+uvsbXineAasWm5ojXoN8xEwK5Kd3/TrhNn1wByuD52UxWRLy8pu+kRMniEi6Eq9Zg==",
      "dev": true,
      "license": "MIT",
      "dependencies": {
        "fdir": "^6.5.0",
        "picomatch": "^4.0.4"
      },
      "engines": {
        "node": ">=12.0.0"
      },
      "funding": {
        "url": "https://github.com/sponsors/SuperchupuDev"
      }
    },
    "node_modules/tinyglobby/node_modules/fdir": {
      "version": "6.5.0",
      "resolved": "https://registry.npmjs.org/fdir/-/fdir-6.5.0.tgz",
      "integrity": "sha512-tIbYtZbucOs0BRGqPJkshJUYdL+SDH7dVM8gjy+ERp3WAUjLEFJE+02kanyHtwjWOnwrKYBiwAmM0p4kLJAnXg==",
      "dev": true,
      "license": "MIT",
      "engines": {
        "node": ">=12.0.0"
      },
      "peerDependencies": {
        "picomatch": "^3 || ^4"
      },
      "peerDependenciesMeta": {
        "picomatch": {
          "optional": true
        }
      }
    },
    "node_modules/tinyglobby/node_modules/picomatch": {
      "version": "4.0.4",
      "resolved": "https://registry.npmjs.org/picomatch/-/picomatch-4.0.4.tgz",
      "integrity": "sha512-QP88BAKvMam/3NxH6vj2o21R6MjxZUAd6nlwAS/pnGvN9IVLocLHxGYIzFhg6fUQ+5th6P4dv4eW9jX3DSIj7A==",
      "dev": true,
      "license": "MIT",
      "engines": {
        "node": ">=12"
      },
      "funding": {
        "url": "https://github.com/sponsors/jonschlinkert"
      }
    },
    "node_modules/tslib": {
      "version": "2.8.1",
      "resolved": "https://registry.npmjs.org/tslib/-/tslib-2.8.1.tgz",
      "integrity": "sha512-oJFu94HQb+KVduSUQL7wnpmqnfmLsOA/nAh6b6EH0wCEoK0/mPeXU6c3wKDV83MkOuHPRHtSXKKU99IBazS/2w==",
      "license": "0BSD"
    },
    "node_modules/undici": {
      "version": "8.7.0",
      "resolved": "https://registry.npmjs.org/undici/-/undici-8.7.0.tgz",
      "integrity": "sha512-N7iQtfyLhIMOFgQubvmLV26svHpO0bqKnAiWotTQCVKCmWrcGbBotPuW1x+xwYZ2VHdSTVUfPQQnlEt1/LouTQ==",
      "dev": true,
      "license": "MIT",
      "engines": {
        "node": ">=22.19.0"
      }
    }
  }
}
